
Microsoft Visual Studio Solution File, Format Version 12.00
# Visual Studio Version 17
VisualStudioVersion = 17.6.33801.468
MinimumVisualStudioVersion = 10.0.40219.1
Project("{9A19103F-16F7-4668-BE54-9A1E7A4F7556}") = "WeLoveCommunity", "WeLoveCommunity.csproj", "{582BA6F2-C650-4463-9515-D8E287E01411}"
EndProject
Global
	GlobalSection(SolutionConfigurationPlatforms) = preSolution
		Debug|Any CPU = Debug|Any CPU
		Release|Any CPU = Release|Any CPU
	EndGlobalSection
	GlobalSection(ProjectConfigurationPlatforms) = postSolution
		{582BA6F2-C650-4463-9515-D8E287E01411}.Debug|Any CPU.ActiveCfg = Debug|Any CPU
		{582BA6F2-C650-4463-9515-D8E287E01411}.Debug|Any CPU.Build.0 = Debug|Any CPU
		{582BA6F2-C650-4463-9515-D8E287E01411}.Debug|Any CPU.Deploy.0 = Debug|Any CPU
		{582BA6F2-C650-4463-9515-D8E287E01411}.Release|Any CPU.ActiveCfg = Release|Any CPU
		{582BA6F2-C650-4463-9515-D8E287E01411}.Release|Any CPU.Build.0 = Release|Any CPU
		{582BA6F2-C650-4463-9515-D8E287E01411}.Release|Any CPU.Deploy.0 = Release|Any CPU
	EndGlobalSection
	GlobalSection(SolutionProperties) = preSolution
		HideSolutionNode = FALSE
	EndGlobalSection
	GlobalSection(ExtensibilityGlobals) = postSolution
		SolutionGuid = {D7AF9EAA-B60B-4C07-BB98-5475E64DC3A3}
	EndGlobalSection
EndGlobal
